
Microsoft Visual Studio Solution File, Format Version 12.00
# Visual Studio Version 17
VisualStudioVersion = 17.5.33424.131
MinimumVisualStudioVersion = 10.0.40219.1
Project("{FAE04EC0-301F-11D3-BF4B-00C04F79EFBC}") = "CalcularOs3LadosDeUmTriangulo", "CalcularOs3LadosDeUmTriangulo\CalcularOs3LadosDeUmTriangulo.csproj", "{392B10EC-5575-4660-8864-C19C4DA08CAC}"
EndProject
Global
	GlobalSection(SolutionConfigurationPlatforms) = preSolution
		Debug|Any CPU = Debug|Any CPU
		Release|Any CPU = Release|Any CPU
	EndGlobalSection
	GlobalSection(ProjectConfigurationPlatforms) = postSolution
		{392B10EC-5575-4660-8864-C19C4DA08CAC}.Debug|Any CPU.ActiveCfg = Debug|Any CPU
		{392B10EC-5575-4660-8864-C19C4DA08CAC}.Debug|Any CPU.Build.0 = Debug|Any CPU
		{392B10EC-5575-4660-8864-C19C4DA08CAC}.Release|Any CPU.ActiveCfg = Release|Any CPU
		{392B10EC-5575-4660-8864-C19C4DA08CAC}.Release|Any CPU.Build.0 = Release|Any CPU
	EndGlobalSection
	GlobalSection(SolutionProperties) = preSolution
		HideSolutionNode = FALSE
	EndGlobalSection
	GlobalSection(ExtensibilityGlobals) = postSolution
		SolutionGuid = {7BC6AB99-3315-4C79-9262-73F0367B5F05}
	EndGlobalSection
EndGlobal
